
Microsoft Visual Studio Solution File, Format Version 11.00
# Visual Studio 2010
Project("{FAE04EC0-301F-11D3-BF4B-00C04F79EFBC}") = "RSVP_Web_Console", "RSVP_Web_Console.csproj", "{D8A6A925-AAA4-476A-8462-0F2C5E04D007}"
EndProject
Project("{FAE04EC0-301F-11D3-BF4B-00C04F79EFBC}") = "MiddleTier", "..\MiddleTier\MiddleTier.csproj", "{DD720E04-F0BF-4489-AA6F-FAA2B6346EA8}"
EndProject
Project("{FAE04EC0-301F-11D3-BF4B-00C04F79EFBC}") = "WcfServiceLibrary", "..\WcfServiceLibrary\WcfServiceLibrary.csproj", "{0DE28F92-7FC3-4D20-9A2A-1F23C29FF9C3}"
EndProject
Global
	GlobalSection(SolutionConfigurationPlatforms) = preSolution
		Debug|Any CPU = Debug|Any CPU
		Release|Any CPU = Release|Any CPU
	EndGlobalSection
	GlobalSection(ProjectConfigurationPlatforms) = postSolution
		{D8A6A925-AAA4-476A-8462-0F2C5E04D007}.Debug|Any CPU.ActiveCfg = Debug|Any CPU
		{D8A6A925-AAA4-476A-8462-0F2C5E04D007}.Debug|Any CPU.Build.0 = Debug|Any CPU
		{D8A6A925-AAA4-476A-8462-0F2C5E04D007}.Release|Any CPU.ActiveCfg = Release|Any CPU
		{D8A6A925-AAA4-476A-8462-0F2C5E04D007}.Release|Any CPU.Build.0 = Release|Any CPU
		{DD720E04-F0BF-4489-AA6F-FAA2B6346EA8}.Debug|Any CPU.ActiveCfg = Debug|Any CPU
		{DD720E04-F0BF-4489-AA6F-FAA2B6346EA8}.Debug|Any CPU.Build.0 = Debug|Any CPU
		{DD720E04-F0BF-4489-AA6F-FAA2B6346EA8}.Release|Any CPU.ActiveCfg = Release|Any CPU
		{DD720E04-F0BF-4489-AA6F-FAA2B6346EA8}.Release|Any CPU.Build.0 = Release|Any CPU
		{0DE28F92-7FC3-4D20-9A2A-1F23C29FF9C3}.Debug|Any CPU.ActiveCfg = Debug|Any CPU
		{0DE28F92-7FC3-4D20-9A2A-1F23C29FF9C3}.Debug|Any CPU.Build.0 = Debug|Any CPU
		{0DE28F92-7FC3-4D20-9A2A-1F23C29FF9C3}.Release|Any CPU.ActiveCfg = Release|Any CPU
		{0DE28F92-7FC3-4D20-9A2A-1F23C29FF9C3}.Release|Any CPU.Build.0 = Release|Any CPU
	EndGlobalSection
	GlobalSection(SolutionProperties) = preSolution
		HideSolutionNode = FALSE
	EndGlobalSection
EndGlobal
